// !$*UTF8*$!
{
	archiveVersion = 1;
	classes = {
	};
	objectVersion = 55;
	objects = {

/* Begin PBXBuildFile section */
		395C793A29B39E5800138596 /* AppDelegate.swift in Sources */ = {isa = PBXBuildFile; fileRef = 395C793929B39E5800138596 /* AppDelegate.swift */; };
		395C793C29B39E5800138596 /* SceneDelegate.swift in Sources */ = {isa = PBXBuildFile; fileRef = 395C793B29B39E5800138596 /* SceneDelegate.swift */; };
		395C793E29B39E5800138596 /* ItemViewController.swift in Sources */ = {isa = PBXBuildFile; fileRef = 395C793D29B39E5800138596 /* ItemViewController.swift */; };
		395C794329B39E5A00138596 /* Assets.xcassets in Resources */ = {isa = PBXBuildFile; fileRef = 395C794229B39E5A00138596 /* Assets.xcassets */; };
		395C794629B39E5A00138596 /* LaunchScreen.storyboard in Resources */ = {isa = PBXBuildFile; fileRef = 395C794429B39E5A00138596 /* LaunchScreen.storyboard */; };
		395C795029B3D40800138596 /* DataTableViewCell.swift in Sources */ = {isa = PBXBuildFile; fileRef = 395C794F29B3D40800138596 /* DataTableViewCell.swift */; };
		395C795229B3D62E00138596 /* SectionViewController.swift in Sources */ = {isa = PBXBuildFile; fileRef = 395C795129B3D62E00138596 /* SectionViewController.swift */; };
		395C797D29B6A1EB00138596 /* ToDo.xcdatamodeld in Resources */ = {isa = PBXBuildFile; fileRef = 395C797B29B6A1EB00138596 /* ToDo.xcdatamodeld */; };
		395C799029B7855B00138596 /* ItemManager.swift in Sources */ = {isa = PBXBuildFile; fileRef = 395C798F29B7855B00138596 /* ItemManager.swift */; };
		395C799529B8BB0300138596 /* ToDoeyItem+CoreDataProperties.swift in Sources */ = {isa = PBXBuildFile; fileRef = 395C799129B8BB0300138596 /* ToDoeyItem+CoreDataProperties.swift */; };
		395C799629B8BB0300138596 /* ToDoeySection+CoreDataClass.swift in Sources */ = {isa = PBXBuildFile; fileRef = 395C799229B8BB0300138596 /* ToDoeySection+CoreDataClass.swift */; };
		395C799729B8BB0300138596 /* ToDoeyItem+CoreDataClass.swift in Sources */ = {isa = PBXBuildFile; fileRef = 395C799329B8BB0300138596 /* ToDoeyItem+CoreDataClass.swift */; };
		395C799829B8BB0300138596 /* ToDoeySection+CoreDataProperties.swift in Sources */ = {isa = PBXBuildFile; fileRef = 395C799429B8BB0300138596 /* ToDoeySection+CoreDataProperties.swift */; };
		395C799A29B8BF1300138596 /* SectionManager.swift in Sources */ = {isa = PBXBuildFile; fileRef = 395C799929B8BF1300138596 /* SectionManager.swift */; };
		8380F5715FBC6F1F4020956A /* Pods_ToDoey.framework in Frameworks */ = {isa = PBXBuildFile; fileRef = D0C7BCB1CE53D8F1505DFDFF /* Pods_ToDoey.framework */; };
/* End PBXBuildFile section */

/* Begin PBXFileReference section */
		2CF205EB83B34E105443175C /* Pods-ToDoey.release.xcconfig */ = {isa = PBXFileReference; includeInIndex = 1; lastKnownFileType = text.xcconfig; name = "Pods-ToDoey.release.xcconfig"; path = "Target Support Files/Pods-ToDoey/Pods-ToDoey.release.xcconfig"; sourceTree = "<group>"; };
		395C793629B39E5800138596 /* ToDoey.app */ = {isa = PBXFileReference; explicitFileType = wrapper.application; includeInIndex = 0; path = ToDoey.app; sourceTree = BUILT_PRODUCTS_DIR; };
		395C793929B39E5800138596 /* AppDelegate.swift */ = {isa = PBXFileReference; lastKnownFileType = sourcecode.swift; path = AppDelegate.swift; sourceTree = "<group>"; };
		395C793B29B39E5800138596 /* SceneDelegate.swift */ = {isa = PBXFileReference; lastKnownFileType = sourcecode.swift; path = SceneDelegate.swift; sourceTree = "<group>"; };
		395C793D29B39E5800138596 /* ItemViewController.swift */ = {isa = PBXFileReference; lastKnownFileType = sourcecode.swift; path = ItemViewController.swift; sourceTree = "<group>"; };
		395C794229B39E5A00138596 /* Assets.xcassets */ = {isa = PBXFileReference; lastKnownFileType = folder.assetcatalog; path = Assets.xcassets; sourceTree = "<group>"; };
		395C794529B39E5A00138596 /* Base */ = {isa = PBXFileReference; lastKnownFileType = file.storyboard; name = Base; path = Base.lproj/LaunchScreen.storyboard; sourceTree = "<group>"; };
		395C794729B39E5A00138596 /* Info.plist */ = {isa = PBXFileReference; lastKnownFileType = text.plist.xml; path = Info.plist; sourceTree = "<group>"; };
		395C794F29B3D40800138596 /* DataTableViewCell.swift */ = {isa = PBXFileReference; lastKnownFileType = sourcecode.swift; path = DataTableViewCell.swift; sourceTree = "<group>"; };
		395C795129B3D62E00138596 /* SectionViewController.swift */ = {isa = PBXFileReference; lastKnownFileType = sourcecode.swift; path = SectionViewController.swift; sourceTree = "<group>"; };
		395C797C29B6A1EB00138596 /* ToDo.xcdatamodel */ = {isa = PBXFileReference; lastKnownFileType = wrapper.xcdatamodel; path = ToDo.xcdatamodel; sourceTree = "<group>"; };
		395C798F29B7855B00138596 /* ItemManager.swift */ = {isa = PBXFileReference; lastKnownFileType = sourcecode.swift; path = ItemManager.swift; sourceTree = "<group>"; };
		395C799129B8BB0300138596 /* ToDoeyItem+CoreDataProperties.swift */ = {isa = PBXFileReference; fileEncoding = 4; lastKnownFileType = sourcecode.swift; path = "ToDoeyItem+CoreDataProperties.swift"; sourceTree = SOURCE_ROOT; };
		395C799229B8BB0300138596 /* ToDoeySection+CoreDataClass.swift */ = {isa = PBXFileReference; fileEncoding = 4; lastKnownFileType = sourcecode.swift; path = "ToDoeySection+CoreDataClass.swift"; sourceTree = SOURCE_ROOT; };
		395C799329B8BB0300138596 /* ToDoeyItem+CoreDataClass.swift */ = {isa = PBXFileReference; fileEncoding = 4; lastKnownFileType = sourcecode.swift; path = "ToDoeyItem+CoreDataClass.swift"; sourceTree = SOURCE_ROOT; };
		395C799429B8BB0300138596 /* ToDoeySection+CoreDataProperties.swift */ = {isa = PBXFileReference; fileEncoding = 4; lastKnownFileType = sourcecode.swift; path = "ToDoeySection+CoreDataProperties.swift"; sourceTree = SOURCE_ROOT; };
		395C799929B8BF1300138596 /* SectionManager.swift */ = {isa = PBXFileReference; lastKnownFileType = sourcecode.swift; path = SectionManager.swift; sourceTree = "<group>"; };
		828C20CAA75088B0A42D3B6E /* Pods-ToDoey.debug.xcconfig */ = {isa = PBXFileReference; includeInIndex = 1; lastKnownFileType = text.xcconfig; name = "Pods-ToDoey.debug.xcconfig"; path = "Target Support Files/Pods-ToDoey/Pods-ToDoey.debug.xcconfig"; sourceTree = "<group>"; };
		D0C7BCB1CE53D8F1505DFDFF /* Pods_ToDoey.framework */ = {isa = PBXFileReference; explicitFileType = wrapper.framework; includeInIndex = 0; path = Pods_ToDoey.framework; sourceTree = BUILT_PRODUCTS_DIR; };
/* End PBXFileReference section */

/* Begin PBXFrameworksBuildPhase section */
		395C793329B39E5800138596 /* Frameworks */ = {
			isa = PBXFrameworksBuildPhase;
			buildActionMask = 2147483647;
			files = (
				8380F5715FBC6F1F4020956A /* Pods_ToDoey.framework in Frameworks */,
			);
			runOnlyForDeploymentPostprocessing = 0;
		};
/* End PBXFrameworksBuildPhase section */

/* Begin PBXGroup section */
		395C792D29B39E5800138596 = {
			isa = PBXGroup;
			children = (
				395C793829B39E5800138596 /* ToDoey */,
				395C793729B39E5800138596 /* Products */,
				50AF146B29F7CFFD86EB82F5 /* Pods */,
				3EDE7D516B1E59C515BD932D /* Frameworks */,
			);
			sourceTree = "<group>";
		};
		395C793729B39E5800138596 /* Products */ = {
			isa = PBXGroup;
			children = (
				395C793629B39E5800138596 /* ToDoey.app */,
			);
			name = Products;
			sourceTree = "<group>";
		};
		395C793829B39E5800138596 /* ToDoey */ = {
			isa = PBXGroup;
			children = (
				395C797E29B6A1F900138596 /* Models */,
				395C794E29B3D3EB00138596 /* views */,
				395C794D29B3A07B00138596 /* ViewControllers */,
				395C793929B39E5800138596 /* AppDelegate.swift */,
				395C793B29B39E5800138596 /* SceneDelegate.swift */,
				395C794229B39E5A00138596 /* Assets.xcassets */,
				395C794429B39E5A00138596 /* LaunchScreen.storyboard */,
				395C794729B39E5A00138596 /* Info.plist */,
				395C797B29B6A1EB00138596 /* ToDo.xcdatamodeld */,
			);
			path = ToDoey;
			sourceTree = "<group>";
		};
		395C794D29B3A07B00138596 /* ViewControllers */ = {
			isa = PBXGroup;
			children = (
				395C795129B3D62E00138596 /* SectionViewController.swift */,
				395C793D29B39E5800138596 /* ItemViewController.swift */,
			);
			path = ViewControllers;
			sourceTree = "<group>";
		};
		395C794E29B3D3EB00138596 /* views */ = {
			isa = PBXGroup;
			children = (
				395C794F29B3D40800138596 /* DataTableViewCell.swift */,
			);
			path = views;
			sourceTree = "<group>";
		};
		395C797E29B6A1F900138596 /* Models */ = {
			isa = PBXGroup;
			children = (
				395C799929B8BF1300138596 /* SectionManager.swift */,
				395C798F29B7855B00138596 /* ItemManager.swift */,
				395C799329B8BB0300138596 /* ToDoeyItem+CoreDataClass.swift */,
				395C799129B8BB0300138596 /* ToDoeyItem+CoreDataProperties.swift */,
				395C799229B8BB0300138596 /* ToDoeySection+CoreDataClass.swift */,
				395C799429B8BB0300138596 /* ToDoeySection+CoreDataProperties.swift */,
			);
			path = Models;
			sourceTree = "<group>";
		};
		3EDE7D516B1E59C515BD932D /* Frameworks */ = {
			isa = PBXGroup;
			children = (
				D0C7BCB1CE53D8F1505DFDFF /* Pods_ToDoey.framework */,
			);
			name = Frameworks;
			sourceTree = "<group>";
		};
		50AF146B29F7CFFD86EB82F5 /* Pods */ = {
			isa = PBXGroup;
			children = (
				828C20CAA75088B0A42D3B6E /* Pods-ToDoey.debug.xcconfig */,
				2CF205EB83B34E105443175C /* Pods-ToDoey.release.xcconfig */,
			);
			path = Pods;
			sourceTree = "<group>";
		};
/* End PBXGroup section */

/* Begin PBXNativeTarget section */
		395C793529B39E5800138596 /* ToDoey */ = {
			isa = PBXNativeTarget;
			buildConfigurationList = 395C794A29B39E5A00138596 /* Build configuration list for PBXNativeTarget "ToDoey" */;
			buildPhases = (
				37CBA39620DD707048C8C6E3 /* [CP] Check Pods Manifest.lock */,
				395C793229B39E5800138596 /* Sources */,
				395C793329B39E5800138596 /* Frameworks */,
				395C793429B39E5800138596 /* Resources */,
				9116DB1975CF51E026E8CB26 /* [CP] Embed Pods Frameworks */,
			);
			buildRules = (
			);
			dependencies = (
			);
			name = ToDoey;
			productName = ToDoey;
			productReference = 395C793629B39E5800138596 /* ToDoey.app */;
			productType = "com.apple.product-type.application";
		};
/* End PBXNativeTarget section */

/* Begin PBXProject section */
		395C792E29B39E5800138596 /* Project object */ = {
			isa = PBXProject;
			attributes = {
				BuildIndependentTargetsInParallel = 1;
				LastSwiftUpdateCheck = 1410;
				LastUpgradeCheck = 1410;
				TargetAttributes = {
					395C793529B39E5800138596 = {
						CreatedOnToolsVersion = 14.1;
					};
				};
			};
			buildConfigurationList = 395C793129B39E5800138596 /* Build configuration list for PBXProject "ToDoey" */;
			compatibilityVersion = "Xcode 13.0";
			developmentRegion = en;
			hasScannedForEncodings = 0;
			knownRegions = (
				en,
				Base,
			);
			mainGroup = 395C792D29B39E5800138596;
			productRefGroup = 395C793729B39E5800138596 /* Products */;
			projectDirPath = "";
			projectRoot = "";
			targets = (
				395C793529B39E5800138596 /* ToDoey */,
			);
		};
/* End PBXProject section */

/* Begin PBXResourcesBuildPhase section */
		395C793429B39E5800138596 /* Resources */ = {
			isa = PBXResourcesBuildPhase;
			buildActionMask = 2147483647;
			files = (
				395C797D29B6A1EB00138596 /* ToDo.xcdatamodeld in Resources */,
				395C794629B39E5A00138596 /* LaunchScreen.storyboard in Resources */,
				395C794329B39E5A00138596 /* Assets.xcassets in Resources */,
			);
			runOnlyForDeploymentPostprocessing = 0;
		};
/* End PBXResourcesBuildPhase section */

/* Begin PBXShellScriptBuildPhase section */
		37CBA39620DD707048C8C6E3 /* [CP] Check Pods Manifest.lock */ = {
			isa = PBXShellScriptBuildPhase;
			buildActionMask = 2147483647;
			files = (
			);
			inputFileListPaths = (
			);
			inputPaths = (
				"${PODS_PODFILE_DIR_PATH}/Podfile.lock",
				"${PODS_ROOT}/Manifest.lock",
			);
			name = "[CP] Check Pods Manifest.lock";
			outputFileListPaths = (
			);
			outputPaths = (
				"$(DERIVED_FILE_DIR)/Pods-ToDoey-checkManifestLockResult.txt",
			);
			runOnlyForDeploymentPostprocessing = 0;
			shellPath = /bin/sh;
			shellScript = "diff \"${PODS_PODFILE_DIR_PATH}/Podfile.lock\" \"${PODS_ROOT}/Manifest.lock\" > /dev/null\nif [ $? != 0 ] ; then\n    # print error to STDERR\n    echo \"error: The sandbox is not in sync with the Podfile.lock. Run 'pod install' or update your CocoaPods installation.\" >&2\n    exit 1\nfi\n# This output is used by Xcode 'outputs' to avoid re-running this script phase.\necho \"SUCCESS\" > \"${SCRIPT_OUTPUT_FILE_0}\"\n";
			showEnvVarsInLog = 0;
		};
		9116DB1975CF51E026E8CB26 /* [CP] Embed Pods Frameworks */ = {
			isa = PBXShellScriptBuildPhase;
			buildActionMask = 2147483647;
			files = (
			);
			inputFileListPaths = (
				"${PODS_ROOT}/Target Support Files/Pods-ToDoey/Pods-ToDoey-frameworks-${CONFIGURATION}-input-files.xcfilelist",
			);
			name = "[CP] Embed Pods Frameworks";
			outputFileListPaths = (
				"${PODS_ROOT}/Target Support Files/Pods-ToDoey/Pods-ToDoey-frameworks-${CONFIGURATION}-output-files.xcfilelist",
			);
			runOnlyForDeploymentPostprocessing = 0;
			shellPath = /bin/sh;
			shellScript = "\"${PODS_ROOT}/Target Support Files/Pods-ToDoey/Pods-ToDoey-frameworks.sh\"\n";
			showEnvVarsInLog = 0;
		};
/* End PBXShellScriptBuildPhase section */

/* Begin PBXSourcesBuildPhase section */
		395C793229B39E5800138596 /* Sources */ = {
			isa = PBXSourcesBuildPhase;
			buildActionMask = 2147483647;
			files = (
				395C799029B7855B00138596 /* ItemManager.swift in Sources */,
				395C799829B8BB0300138596 /* ToDoeySection+CoreDataProperties.swift in Sources */,
				395C795229B3D62E00138596 /* SectionViewController.swift in Sources */,
				395C793E29B39E5800138596 /* ItemViewController.swift in Sources */,
				395C799629B8BB0300138596 /* ToDoeySection+CoreDataClass.swift in Sources */,
				395C799529B8BB0300138596 /* ToDoeyItem+CoreDataProperties.swift in Sources */,
				395C795029B3D40800138596 /* DataTableViewCell.swift in Sources */,
				395C799A29B8BF1300138596 /* SectionManager.swift in Sources */,
				395C799729B8BB0300138596 /* ToDoeyItem+CoreDataClass.swift in Sources */,
				395C793A29B39E5800138596 /* AppDelegate.swift in Sources */,
				395C793C29B39E5800138596 /* SceneDelegate.swift in Sources */,
			);
			runOnlyForDeploymentPostprocessing = 0;
		};
/* End PBXSourcesBuildPhase section */

/* Begin PBXVariantGroup section */
		395C794429B39E5A00138596 /* LaunchScreen.storyboard */ = {
			isa = PBXVariantGroup;
			children = (
				395C794529B39E5A00138596 /* Base */,
			);
			name = LaunchScreen.storyboard;
			sourceTree = "<group>";
		};
/* End PBXVariantGroup section */

/* Begin XCBuildConfiguration section */
		395C794829B39E5A00138596 /* Debug */ = {
			isa = XCBuildConfiguration;
			buildSettings = {
				ALWAYS_SEARCH_USER_PATHS = NO;
				CLANG_ANALYZER_NONNULL = YES;
				CLANG_ANALYZER_NUMBER_OBJECT_CONVERSION = YES_AGGRESSIVE;
				CLANG_CXX_LANGUAGE_STANDARD = "gnu++20";
				CLANG_ENABLE_MODULES = YES;
				CLANG_ENABLE_OBJC_ARC = YES;
				CLANG_ENABLE_OBJC_WEAK = YES;
				CLANG_WARN_BLOCK_CAPTURE_AUTORELEASING = YES;
				CLANG_WARN_BOOL_CONVERSION = YES;
				CLANG_WARN_COMMA = YES;
				CLANG_WARN_CONSTANT_CONVERSION = YES;
				CLANG_WARN_DEPRECATED_OBJC_IMPLEMENTATIONS = YES;
				CLANG_WARN_DIRECT_OBJC_ISA_USAGE = YES_ERROR;
				CLANG_WARN_DOCUMENTATION_COMMENTS = YES;
				CLANG_WARN_EMPTY_BODY = YES;
				CLANG_WARN_ENUM_CONVERSION = YES;
				CLANG_WARN_INFINITE_RECURSION = YES;
				CLANG_WARN_INT_CONVERSION = YES;
				CLANG_WARN_NON_LITERAL_NULL_CONVERSION = YES;
				CLANG_WARN_OBJC_IMPLICIT_RETAIN_SELF = YES;
				CLANG_WARN_OBJC_LITERAL_CONVERSION = YES;
				CLANG_WARN_OBJC_ROOT_CLASS = YES_ERROR;
				CLANG_WARN_QUOTED_INCLUDE_IN_FRAMEWORK_HEADER = YES;
				CLANG_WARN_RANGE_LOOP_ANALYSIS = YES;
				CLANG_WARN_STRICT_PROTOTYPES = YES;
				CLANG_WARN_SUSPICIOUS_MOVE = YES;
				CLANG_WARN_UNGUARDED_AVAILABILITY = YES_AGGRESSIVE;
				CLANG_WARN_UNREACHABLE_CODE = YES;
				CLANG_WARN__DUPLICATE_METHOD_MATCH = YES;
				COPY_PHASE_STRIP = NO;
				DEBUG_INFORMATION_FORMAT = dwarf;
				ENABLE_STRICT_OBJC_MSGSEND = YES;
				ENABLE_TESTABILITY = YES;
				GCC_C_LANGUAGE_STANDARD = gnu11;
				GCC_DYNAMIC_NO_PIC = NO;
				GCC_NO_COMMON_BLOCKS = YES;
				GCC_OPTIMIZATION_LEVEL = 0;
				GCC_PREPROCESSOR_DEFINITIONS = (
					"DEBUG=1",
					"$(inherited)",
				);
				GCC_WARN_64_TO_32_BIT_CONVERSION = YES;
				GCC_WARN_ABOUT_RETURN_TYPE = YES_ERROR;
				GCC_WARN_UNDECLARED_SELECTOR = YES;
				GCC_WARN_UNINITIALIZED_AUTOS = YES_AGGRESSIVE;
				GCC_WARN_UNUSED_FUNCTION = YES;
				GCC_WARN_UNUSED_VARIABLE = YES;
				IPHONEOS_DEPLOYMENT_TARGET = 16.1;
				MTL_ENABLE_DEBUG_INFO = INCLUDE_SOURCE;
				MTL_FAST_MATH = YES;
				ONLY_ACTIVE_ARCH = YES;
				SDKROOT = iphoneos;
				SWIFT_ACTIVE_COMPILATION_CONDITIONS = DEBUG;
				SWIFT_OPTIMIZATION_LEVEL = "-Onone";
			};
			name = Debug;
		};
		395C794929B39E5A00138596 /* Release */ = {
			isa = XCBuildConfiguration;
			buildSettings = {
				ALWAYS_SEARCH_USER_PATHS = NO;
				CLANG_ANALYZER_NONNULL = YES;
				CLANG_ANALYZER_NUMBER_OBJECT_CONVERSION = YES_AGGRESSIVE;
				CLANG_CXX_LANGUAGE_STANDARD = "gnu++20";
				CLANG_ENABLE_MODULES = YES;
				CLANG_ENABLE_OBJC_ARC = YES;
				CLANG_ENABLE_OBJC_WEAK = YES;
				CLANG_WARN_BLOCK_CAPTURE_AUTORELEASING = YES;
				CLANG_WARN_BOOL_CONVERSION = YES;
				CLANG_WARN_COMMA = YES;
				CLANG_WARN_CONSTANT_CONVERSION = YES;
				CLANG_WARN_DEPRECATED_OBJC_IMPLEMENTATIONS = YES;
				CLANG_WARN_DIRECT_OBJC_ISA_USAGE = YES_ERROR;
				CLANG_WARN_DOCUMENTATION_COMMENTS = YES;
				CLANG_WARN_EMPTY_BODY = YES;
				CLANG_WARN_ENUM_CONVERSION = YES;
				CLANG_WARN_INFINITE_RECURSION = YES;
				CLANG_WARN_INT_CONVERSION = YES;
				CLANG_WARN_NON_LITERAL_NULL_CONVERSION = YES;
				CLANG_WARN_OBJC_IMPLICIT_RETAIN_SELF = YES;
				CLANG_WARN_OBJC_LITERAL_CONVERSION = YES;
				CLANG_WARN_OBJC_ROOT_CLASS = YES_ERROR;
				CLANG_WARN_QUOTED_INCLUDE_IN_FRAMEWORK_HEADER = YES;
				CLANG_WARN_RANGE_LOOP_ANALYSIS = YES;
				CLANG_WARN_STRICT_PROTOTYPES = YES;
				CLANG_WARN_SUSPICIOUS_MOVE = YES;
				CLANG_WARN_UNGUARDED_AVAILABILITY = YES_AGGRESSIVE;
				CLANG_WARN_UNREACHABLE_CODE = YES;
				CLANG_WARN__DUPLICATE_METHOD_MATCH = YES;
				COPY_PHASE_STRIP = NO;
				DEBUG_INFORMATION_FORMAT = "dwarf-with-dsym";
				ENABLE_NS_ASSERTIONS = NO;
				ENABLE_STRICT_OBJC_MSGSEND = YES;
				GCC_C_LANGUAGE_STANDARD = gnu11;
				GCC_NO_COMMON_BLOCKS = YES;
				GCC_WARN_64_TO_32_BIT_CONVERSION = YES;
				GCC_WARN_ABOUT_RETURN_TYPE = YES_ERROR;
				GCC_WARN_UNDECLARED_SELECTOR = YES;
				GCC_WARN_UNINITIALIZED_AUTOS = YES_AGGRESSIVE;
				GCC_WARN_UNUSED_FUNCTION = YES;
				GCC_WARN_UNUSED_VARIABLE = YES;
				IPHONEOS_DEPLOYMENT_TARGET = 16.1;
				MTL_ENABLE_DEBUG_INFO = NO;
				MTL_FAST_MATH = YES;
				SDKROOT = iphoneos;
				SWIFT_COMPILATION_MODE = wholemodule;
				SWIFT_OPTIMIZATION_LEVEL = "-O";
				VALIDATE_PRODUCT = YES;
			};
			name = Release;
		};
		395C794B29B39E5A00138596 /* Debug */ = {
			isa = XCBuildConfiguration;
			baseConfigurationReference = 828C20CAA75088B0A42D3B6E /* Pods-ToDoey.debug.xcconfig */;
			buildSettings = {
				ASSETCATALOG_COMPILER_APPICON_NAME = AppIcon;
				ASSETCATALOG_COMPILER_GLOBAL_ACCENT_COLOR_NAME = AccentColor;
				CODE_SIGN_STYLE = Automatic;
				CURRENT_PROJECT_VERSION = 1;
				DEVELOPMENT_TEAM = VCZCJD3K74;
				GENERATE_INFOPLIST_FILE = YES;
				INFOPLIST_FILE = ToDoey/Info.plist;
				INFOPLIST_KEY_UIApplicationSupportsIndirectInputEvents = YES;
				INFOPLIST_KEY_UILaunchStoryboardName = LaunchScreen;
				INFOPLIST_KEY_UISupportedInterfaceOrientations_iPad = "UIInterfaceOrientationPortrait UIInterfaceOrientationPortraitUpsideDown UIInterfaceOrientationLandscapeLeft UIInterfaceOrientationLandscapeRight";
				INFOPLIST_KEY_UISupportedInterfaceOrientations_iPhone = "UIInterfaceOrientationPortrait UIInterfaceOrientationLandscapeLeft UIInterfaceOrientationLandscapeRight";
				LD_RUNPATH_SEARCH_PATHS = (
					"$(inherited)",
					"@executable_path/Frameworks",
				);
				MARKETING_VERSION = 1.0;
				PRODUCT_BUNDLE_IDENTIFIER = com.nuradinadil.ToDoey;
				PRODUCT_NAME = "$(TARGET_NAME)";
				SWIFT_EMIT_LOC_STRINGS = YES;
				SWIFT_VERSION = 5.0;
				TARGETED_DEVICE_FAMILY = "1,2";
			};
			name = Debug;
		};
		395C794C29B39E5A00138596 /* Release */ = {
			isa = XCBuildConfiguration;
			baseConfigurationReference = 2CF205EB83B34E105443175C /* Pods-ToDoey.release.xcconfig */;
			buildSettings = {
				ASSETCATALOG_COMPILER_APPICON_NAME = AppIcon;
				ASSETCATALOG_COMPILER_GLOBAL_ACCENT_COLOR_NAME = AccentColor;
				CODE_SIGN_STYLE = Automatic;
				CURRENT_PROJECT_VERSION = 1;
				DEVELOPMENT_TEAM = VCZCJD3K74;
				GENERATE_INFOPLIST_FILE = YES;
				INFOPLIST_FILE = ToDoey/Info.plist;
				INFOPLIST_KEY_UIApplicationSupportsIndirectInputEvents = YES;
				INFOPLIST_KEY_UILaunchStoryboardName = LaunchScreen;
				INFOPLIST_KEY_UISupportedInterfaceOrientations_iPad = "UIInterfaceOrientationPortrait UIInterfaceOrientationPortraitUpsideDown UIInterfaceOrientationLandscapeLeft UIInterfaceOrientationLandscapeRight";
				INFOPLIST_KEY_UISupportedInterfaceOrientations_iPhone = "UIInterfaceOrientationPortrait UIInterfaceOrientationLandscapeLeft UIInterfaceOrientationLandscapeRight";
				LD_RUNPATH_SEARCH_PATHS = (
					"$(inherited)",
					"@executable_path/Frameworks",
				);
				MARKETING_VERSION = 1.0;
				PRODUCT_BUNDLE_IDENTIFIER = com.nuradinadil.ToDoey;
				PRODUCT_NAME = "$(TARGET_NAME)";
				SWIFT_EMIT_LOC_STRINGS = YES;
				SWIFT_VERSION = 5.0;
				TARGETED_DEVICE_FAMILY = "1,2";
			};
			name = Release;
		};
/* End XCBuildConfiguration section */

/* Begin XCConfigurationList section */
		395C793129B39E5800138596 /* Build configuration list for PBXProject "ToDoey" */ = {
			isa = XCConfigurationList;
			buildConfigurations = (
				395C794829B39E5A00138596 /* Debug */,
				395C794929B39E5A00138596 /* Release */,
			);
			defaultConfigurationIsVisible = 0;
			defaultConfigurationName = Release;
		};
		395C794A29B39E5A00138596 /* Build configuration list for PBXNativeTarget "ToDoey" */ = {
			isa = XCConfigurationList;
			buildConfigurations = (
				395C794B29B39E5A00138596 /* Debug */,
				395C794C29B39E5A00138596 /* Release */,
			);
			defaultConfigurationIsVisible = 0;
			defaultConfigurationName = Release;
		};
/* End XCConfigurationList section */

/* Begin XCVersionGroup section */
		395C797B29B6A1EB00138596 /* ToDo.xcdatamodeld */ = {
			isa = XCVersionGroup;
			children = (
				395C797C29B6A1EB00138596 /* ToDo.xcdatamodel */,
			);
			currentVersion = 395C797C29B6A1EB00138596 /* ToDo.xcdatamodel */;
			path = ToDo.xcdatamodeld;
			sourceTree = "<group>";
			versionGroupType = wrapper.xcdatamodel;
		};
/* End XCVersionGroup section */
	};
	rootObject = 395C792E29B39E5800138596 /* Project object */;
}
